
Microsoft Visual Studio Solution File, Format Version 12.00
# Visual Studio Version 17
VisualStudioVersion = 17.11.35208.52
MinimumVisualStudioVersion = 10.0.40219.1
Project("{FAE04EC0-301F-11D3-BF4B-00C04F79EFBC}") = "calculadora matematica", "calculadora matematica\calculadora matematica.csproj", "{F207345E-1148-4239-A141-9C0645099627}"
EndProject
Global
	GlobalSection(SolutionConfigurationPlatforms) = preSolution
		Debug|Any CPU = Debug|Any CPU
		Release|Any CPU = Release|Any CPU
	EndGlobalSection
	GlobalSection(ProjectConfigurationPlatforms) = postSolution
		{F207345E-1148-4239-A141-9C0645099627}.Debug|Any CPU.ActiveCfg = Debug|Any CPU
		{F207345E-1148-4239-A141-9C0645099627}.Debug|Any CPU.Build.0 = Debug|Any CPU
		{F207345E-1148-4239-A141-9C0645099627}.Release|Any CPU.ActiveCfg = Release|Any CPU
		{F207345E-1148-4239-A141-9C0645099627}.Release|Any CPU.Build.0 = Release|Any CPU
	EndGlobalSection
	GlobalSection(SolutionProperties) = preSolution
		HideSolutionNode = FALSE
	EndGlobalSection
	GlobalSection(ExtensibilityGlobals) = postSolution
		SolutionGuid = {CEFCDCBA-688E-43AB-95BD-316C96F8283F}
	EndGlobalSection
EndGlobal
